
Microsoft Visual Studio Solution File, Format Version 12.00
# Visual Studio Version 16
VisualStudioVersion = 25.0.1706.2
MinimumVisualStudioVersion = 10.0.40219.1
Project("{FAE04EC0-301F-11D3-BF4B-00C04F79EFBC}") = "MauiMapBindingTest", "MauiMapBindingTest\MauiMapBindingTest.csproj", "{B97165CE-01FC-4377-AD66-D6C503641A94}"
EndProject
Project("{FAE04EC0-301F-11D3-BF4B-00C04F79EFBC}") = "MapUtilsBinding", "MapUtilsBinding\MapUtilsBinding.csproj", "{F2C6BF60-9B28-45D0-91A0-4E76C8D233AE}"
EndProject
Global
	GlobalSection(SolutionConfigurationPlatforms) = preSolution
		Debug|Any CPU = Debug|Any CPU
		Release|Any CPU = Release|Any CPU
	EndGlobalSection
	GlobalSection(ProjectConfigurationPlatforms) = postSolution
		{B97165CE-01FC-4377-AD66-D6C503641A94}.Debug|Any CPU.ActiveCfg = Debug|Any CPU
		{B97165CE-01FC-4377-AD66-D6C503641A94}.Debug|Any CPU.Build.0 = Debug|Any CPU
		{B97165CE-01FC-4377-AD66-D6C503641A94}.Release|Any CPU.ActiveCfg = Release|Any CPU
		{B97165CE-01FC-4377-AD66-D6C503641A94}.Release|Any CPU.Build.0 = Release|Any CPU
		{F2C6BF60-9B28-45D0-91A0-4E76C8D233AE}.Debug|Any CPU.ActiveCfg = Debug|Any CPU
		{F2C6BF60-9B28-45D0-91A0-4E76C8D233AE}.Debug|Any CPU.Build.0 = Debug|Any CPU
		{F2C6BF60-9B28-45D0-91A0-4E76C8D233AE}.Release|Any CPU.ActiveCfg = Release|Any CPU
		{F2C6BF60-9B28-45D0-91A0-4E76C8D233AE}.Release|Any CPU.Build.0 = Release|Any CPU
	EndGlobalSection
	GlobalSection(SolutionProperties) = preSolution
		HideSolutionNode = FALSE
	EndGlobalSection
	GlobalSection(ExtensibilityGlobals) = postSolution
		SolutionGuid = {220C3301-67BC-4497-8EB4-18DA270F6068}
	EndGlobalSection
EndGlobal
